
Microsoft Visual Studio Solution File, Format Version 12.00
# Visual Studio Version 16
VisualStudioVersion = 16.0.30717.126
MinimumVisualStudioVersion = 10.0.40219.1
Project("{FAE04EC0-301F-11D3-BF4B-00C04F79EFBC}") = "lab6", "lab6.csproj", "{C0E4AE9F-857E-4813-BBE7-074D71333772}"
EndProject
Global
	GlobalSection(SolutionConfigurationPlatforms) = preSolution
		Debug|Any CPU = Debug|Any CPU
		Release|Any CPU = Release|Any CPU
	EndGlobalSection
	GlobalSection(ProjectConfigurationPlatforms) = postSolution
		{C0E4AE9F-857E-4813-BBE7-074D71333772}.Debug|Any CPU.ActiveCfg = Debug|Any CPU
		{C0E4AE9F-857E-4813-BBE7-074D71333772}.Debug|Any CPU.Build.0 = Debug|Any CPU
		{C0E4AE9F-857E-4813-BBE7-074D71333772}.Release|Any CPU.ActiveCfg = Release|Any CPU
		{C0E4AE9F-857E-4813-BBE7-074D71333772}.Release|Any CPU.Build.0 = Release|Any CPU
	EndGlobalSection
	GlobalSection(SolutionProperties) = preSolution
		HideSolutionNode = FALSE
	EndGlobalSection
	GlobalSection(ExtensibilityGlobals) = postSolution
		SolutionGuid = {F1BB3996-91A4-4397-9676-F5F40D493AA2}
	EndGlobalSection
EndGlobal
